
Microsoft Visual Studio Solution File, Format Version 12.00
# Visual Studio Version 17
VisualStudioVersion = 17.0.31903.59
MinimumVisualStudioVersion = 10.0.40219.1
Project("{FAE04EC0-301F-11D3-BF4B-00C04F79EFBC}") = "OfferManager.Domain", "OfferManager.Domain\OfferManager.Domain.csproj", "{E2D0F8E4-C6A2-4400-B5C2-BAF8F9DBD187}"
EndProject
Project("{FAE04EC0-301F-11D3-BF4B-00C04F79EFBC}") = "OfferManager.WebApi", "OfferManager.WebApi\OfferManager.WebApi.csproj", "{33603A99-E072-492D-9987-4A6280F9EDB4}"
EndProject
Project("{FAE04EC0-301F-11D3-BF4B-00C04F79EFBC}") = "OfferManager.Endpoint", "OfferManager.Endpoint\OfferManager.Endpoint.csproj", "{CC3691F6-F228-45C8-A154-C6110EB1BE7B}"
EndProject
Project("{FAE04EC0-301F-11D3-BF4B-00C04F79EFBC}") = "OfferManager.Services", "OfferManager.Services\OfferManager.Services.csproj", "{763F80F2-DE3A-4A00-A250-6A002DEB412D}"
EndProject
Project("{FAE04EC0-301F-11D3-BF4B-00C04F79EFBC}") = "OfferManager.Storage", "OfferManager.Storage\OfferManager.Storage.csproj", "{67C4ABA2-D3A5-4559-AD24-C5EAE69A90BC}"
EndProject
Project("{FAE04EC0-301F-11D3-BF4B-00C04F79EFBC}") = "OfferManager.Tests", "OfferManager.Tests\OfferManager.Tests.csproj", "{2EBBCE1F-A13E-4A86-BFD6-0F178D27D69F}"
EndProject
Project("{FAE04EC0-301F-11D3-BF4B-00C04F79EFBC}") = "OfferManager.DbUp", "OfferManager.DbUp\OfferManager.DbUp.csproj", "{B6B039E5-49AE-4054-9C1C-67F0804E292B}"
EndProject
Global
	GlobalSection(SolutionConfigurationPlatforms) = preSolution
		Debug|Any CPU = Debug|Any CPU
		Debug|x64 = Debug|x64
		Debug|x86 = Debug|x86
		Release|Any CPU = Release|Any CPU
		Release|x64 = Release|x64
		Release|x86 = Release|x86
	EndGlobalSection
	GlobalSection(ProjectConfigurationPlatforms) = postSolution
		{E2D0F8E4-C6A2-4400-B5C2-BAF8F9DBD187}.Debug|Any CPU.ActiveCfg = Debug|Any CPU
		{E2D0F8E4-C6A2-4400-B5C2-BAF8F9DBD187}.Debug|Any CPU.Build.0 = Debug|Any CPU
		{E2D0F8E4-C6A2-4400-B5C2-BAF8F9DBD187}.Debug|x64.ActiveCfg = Debug|Any CPU
		{E2D0F8E4-C6A2-4400-B5C2-BAF8F9DBD187}.Debug|x64.Build.0 = Debug|Any CPU
		{E2D0F8E4-C6A2-4400-B5C2-BAF8F9DBD187}.Debug|x86.ActiveCfg = Debug|Any CPU
		{E2D0F8E4-C6A2-4400-B5C2-BAF8F9DBD187}.Debug|x86.Build.0 = Debug|Any CPU
		{E2D0F8E4-C6A2-4400-B5C2-BAF8F9DBD187}.Release|Any CPU.ActiveCfg = Release|Any CPU
		{E2D0F8E4-C6A2-4400-B5C2-BAF8F9DBD187}.Release|Any CPU.Build.0 = Release|Any CPU
		{E2D0F8E4-C6A2-4400-B5C2-BAF8F9DBD187}.Release|x64.ActiveCfg = Release|Any CPU
		{E2D0F8E4-C6A2-4400-B5C2-BAF8F9DBD187}.Release|x64.Build.0 = Release|Any CPU
		{E2D0F8E4-C6A2-4400-B5C2-BAF8F9DBD187}.Release|x86.ActiveCfg = Release|Any CPU
		{E2D0F8E4-C6A2-4400-B5C2-BAF8F9DBD187}.Release|x86.Build.0 = Release|Any CPU
		{33603A99-E072-492D-9987-4A6280F9EDB4}.Debug|Any CPU.ActiveCfg = Debug|Any CPU
		{33603A99-E072-492D-9987-4A6280F9EDB4}.Debug|Any CPU.Build.0 = Debug|Any CPU
		{33603A99-E072-492D-9987-4A6280F9EDB4}.Debug|x64.ActiveCfg = Debug|Any CPU
		{33603A99-E072-492D-9987-4A6280F9EDB4}.Debug|x64.Build.0 = Debug|Any CPU
		{33603A99-E072-492D-9987-4A6280F9EDB4}.Debug|x86.ActiveCfg = Debug|Any CPU
		{33603A99-E072-492D-9987-4A6280F9EDB4}.Debug|x86.Build.0 = Debug|Any CPU
		{33603A99-E072-492D-9987-4A6280F9EDB4}.Release|Any CPU.ActiveCfg = Release|Any CPU
		{33603A99-E072-492D-9987-4A6280F9EDB4}.Release|Any CPU.Build.0 = Release|Any CPU
		{33603A99-E072-492D-9987-4A6280F9EDB4}.Release|x64.ActiveCfg = Release|Any CPU
		{33603A99-E072-492D-9987-4A6280F9EDB4}.Release|x64.Build.0 = Release|Any CPU
		{33603A99-E072-492D-9987-4A6280F9EDB4}.Release|x86.ActiveCfg = Release|Any CPU
		{33603A99-E072-492D-9987-4A6280F9EDB4}.Release|x86.Build.0 = Release|Any CPU
		{CC3691F6-F228-45C8-A154-C6110EB1BE7B}.Debug|Any CPU.ActiveCfg = Debug|Any CPU
		{CC3691F6-F228-45C8-A154-C6110EB1BE7B}.Debug|Any CPU.Build.0 = Debug|Any CPU
		{CC3691F6-F228-45C8-A154-C6110EB1BE7B}.Debug|x64.ActiveCfg = Debug|Any CPU
		{CC3691F6-F228-45C8-A154-C6110EB1BE7B}.Debug|x64.Build.0 = Debug|Any CPU
		{CC3691F6-F228-45C8-A154-C6110EB1BE7B}.Debug|x86.ActiveCfg = Debug|Any CPU
		{CC3691F6-F228-45C8-A154-C6110EB1BE7B}.Debug|x86.Build.0 = Debug|Any CPU
		{CC3691F6-F228-45C8-A154-C6110EB1BE7B}.Release|Any CPU.ActiveCfg = Release|Any CPU
		{CC3691F6-F228-45C8-A154-C6110EB1BE7B}.Release|Any CPU.Build.0 = Release|Any CPU
		{CC3691F6-F228-45C8-A154-C6110EB1BE7B}.Release|x64.ActiveCfg = Release|Any CPU
		{CC3691F6-F228-45C8-A154-C6110EB1BE7B}.Release|x64.Build.0 = Release|Any CPU
		{CC3691F6-F228-45C8-A154-C6110EB1BE7B}.Release|x86.ActiveCfg = Release|Any CPU
		{CC3691F6-F228-45C8-A154-C6110EB1BE7B}.Release|x86.Build.0 = Release|Any CPU
		{763F80F2-DE3A-4A00-A250-6A002DEB412D}.Debug|Any CPU.ActiveCfg = Debug|Any CPU
		{763F80F2-DE3A-4A00-A250-6A002DEB412D}.Debug|Any CPU.Build.0 = Debug|Any CPU
		{763F80F2-DE3A-4A00-A250-6A002DEB412D}.Debug|x64.ActiveCfg = Debug|Any CPU
		{763F80F2-DE3A-4A00-A250-6A002DEB412D}.Debug|x64.Build.0 = Debug|Any CPU
		{763F80F2-DE3A-4A00-A250-6A002DEB412D}.Debug|x86.ActiveCfg = Debug|Any CPU
		{763F80F2-DE3A-4A00-A250-6A002DEB412D}.Debug|x86.Build.0 = Debug|Any CPU
		{763F80F2-DE3A-4A00-A250-6A002DEB412D}.Release|Any CPU.ActiveCfg = Release|Any CPU
		{763F80F2-DE3A-4A00-A250-6A002DEB412D}.Release|Any CPU.Build.0 = Release|Any CPU
		{763F80F2-DE3A-4A00-A250-6A002DEB412D}.Release|x64.ActiveCfg = Release|Any CPU
		{763F80F2-DE3A-4A00-A250-6A002DEB412D}.Release|x64.Build.0 = Release|Any CPU
		{763F80F2-DE3A-4A00-A250-6A002DEB412D}.Release|x86.ActiveCfg = Release|Any CPU
		{763F80F2-DE3A-4A00-A250-6A002DEB412D}.Release|x86.Build.0 = Release|Any CPU
		{67C4ABA2-D3A5-4559-AD24-C5EAE69A90BC}.Debug|Any CPU.ActiveCfg = Debug|Any CPU
		{67C4ABA2-D3A5-4559-AD24-C5EAE69A90BC}.Debug|Any CPU.Build.0 = Debug|Any CPU
		{67C4ABA2-D3A5-4559-AD24-C5EAE69A90BC}.Debug|x64.ActiveCfg = Debug|Any CPU
		{67C4ABA2-D3A5-4559-AD24-C5EAE69A90BC}.Debug|x64.Build.0 = Debug|Any CPU
		{67C4ABA2-D3A5-4559-AD24-C5EAE69A90BC}.Debug|x86.ActiveCfg = Debug|Any CPU
		{67C4ABA2-D3A5-4559-AD24-C5EAE69A90BC}.Debug|x86.Build.0 = Debug|Any CPU
		{67C4ABA2-D3A5-4559-AD24-C5EAE69A90BC}.Release|Any CPU.ActiveCfg = Release|Any CPU
		{67C4ABA2-D3A5-4559-AD24-C5EAE69A90BC}.Release|Any CPU.Build.0 = Release|Any CPU
		{67C4ABA2-D3A5-4559-AD24-C5EAE69A90BC}.Release|x64.ActiveCfg = Release|Any CPU
		{67C4ABA2-D3A5-4559-AD24-C5EAE69A90BC}.Release|x64.Build.0 = Release|Any CPU
		{67C4ABA2-D3A5-4559-AD24-C5EAE69A90BC}.Release|x86.ActiveCfg = Release|Any CPU
		{67C4ABA2-D3A5-4559-AD24-C5EAE69A90BC}.Release|x86.Build.0 = Release|Any CPU
		{2EBBCE1F-A13E-4A86-BFD6-0F178D27D69F}.Debug|Any CPU.ActiveCfg = Debug|Any CPU
		{2EBBCE1F-A13E-4A86-BFD6-0F178D27D69F}.Debug|Any CPU.Build.0 = Debug|Any CPU
		{2EBBCE1F-A13E-4A86-BFD6-0F178D27D69F}.Debug|x64.ActiveCfg = Debug|Any CPU
		{2EBBCE1F-A13E-4A86-BFD6-0F178D27D69F}.Debug|x64.Build.0 = Debug|Any CPU
		{2EBBCE1F-A13E-4A86-BFD6-0F178D27D69F}.Debug|x86.ActiveCfg = Debug|Any CPU
		{2EBBCE1F-A13E-4A86-BFD6-0F178D27D69F}.Debug|x86.Build.0 = Debug|Any CPU
		{2EBBCE1F-A13E-4A86-BFD6-0F178D27D69F}.Release|Any CPU.ActiveCfg = Release|Any CPU
		{2EBBCE1F-A13E-4A86-BFD6-0F178D27D69F}.Release|Any CPU.Build.0 = Release|Any CPU
		{2EBBCE1F-A13E-4A86-BFD6-0F178D27D69F}.Release|x64.ActiveCfg = Release|Any CPU
		{2EBBCE1F-A13E-4A86-BFD6-0F178D27D69F}.Release|x64.Build.0 = Release|Any CPU
		{2EBBCE1F-A13E-4A86-BFD6-0F178D27D69F}.Release|x86.ActiveCfg = Release|Any CPU
		{2EBBCE1F-A13E-4A86-BFD6-0F178D27D69F}.Release|x86.Build.0 = Release|Any CPU
		{B6B039E5-49AE-4054-9C1C-67F0804E292B}.Debug|Any CPU.ActiveCfg = Debug|Any CPU
		{B6B039E5-49AE-4054-9C1C-67F0804E292B}.Debug|Any CPU.Build.0 = Debug|Any CPU
		{B6B039E5-49AE-4054-9C1C-67F0804E292B}.Debug|x64.ActiveCfg = Debug|Any CPU
		{B6B039E5-49AE-4054-9C1C-67F0804E292B}.Debug|x64.Build.0 = Debug|Any CPU
		{B6B039E5-49AE-4054-9C1C-67F0804E292B}.Debug|x86.ActiveCfg = Debug|Any CPU
		{B6B039E5-49AE-4054-9C1C-67F0804E292B}.Debug|x86.Build.0 = Debug|Any CPU
		{B6B039E5-49AE-4054-9C1C-67F0804E292B}.Release|Any CPU.ActiveCfg = Release|Any CPU
		{B6B039E5-49AE-4054-9C1C-67F0804E292B}.Release|Any CPU.Build.0 = Release|Any CPU
		{B6B039E5-49AE-4054-9C1C-67F0804E292B}.Release|x64.ActiveCfg = Release|Any CPU
		{B6B039E5-49AE-4054-9C1C-67F0804E292B}.Release|x64.Build.0 = Release|Any CPU
		{B6B039E5-49AE-4054-9C1C-67F0804E292B}.Release|x86.ActiveCfg = Release|Any CPU
		{B6B039E5-49AE-4054-9C1C-67F0804E292B}.Release|x86.Build.0 = Release|Any CPU
	EndGlobalSection
	GlobalSection(SolutionProperties) = preSolution
		HideSolutionNode = FALSE
	EndGlobalSection
EndGlobal
